{
  "name": "cryptopals",
  "version": "1.0.0",
  "lockfileVersion": 1,
  "requires": true,
  "dependencies": {
    "bit-buffer": {
      "version": "0.2.3",
      "resolved": "https://registry.npmjs.org/bit-buffer/-/bit-buffer-0.2.3.tgz",
      "integrity": "sha512-Ugsj2ZD23YKb4cCasdBD4l1Oy4eI/752hnCMAmZO62P+oS1emCqNMlkex02ppGWgKHTS6sfzFeUbPD6VWd+s1w=="
    },
    "bitwise": {
      "version": "0.2.0",
      "resolved": "https://registry.npmjs.org/bitwise/-/bitwise-0.2.0.tgz",
      "integrity": "sha1-meXfv6TuHDIHPcJCJmdTwCXx4nY="
    }
  }
}
